
Microsoft Visual Studio Solution File, Format Version 12.00
# Visual Studio 15
VisualStudioVersion = 15.0.27004.2009
MinimumVisualStudioVersion = 10.0.40219.1
Project("{FAE04EC0-301F-11D3-BF4B-00C04F79EFBC}") = "CSQueueMonitor", "CSQueueMonitor\CSQueueMonitor.csproj", "{FE182E7C-3825-447E-BB2E-4D4004C41EDB}"
EndProject
Global
	GlobalSection(SolutionConfigurationPlatforms) = preSolution
		Debug|Any CPU = Debug|Any CPU
		Release|Any CPU = Release|Any CPU
	EndGlobalSection
	GlobalSection(ProjectConfigurationPlatforms) = postSolution
		{FE182E7C-3825-447E-BB2E-4D4004C41EDB}.Debug|Any CPU.ActiveCfg = Debug|Any CPU
		{FE182E7C-3825-447E-BB2E-4D4004C41EDB}.Debug|Any CPU.Build.0 = Debug|Any CPU
		{FE182E7C-3825-447E-BB2E-4D4004C41EDB}.Release|Any CPU.ActiveCfg = Release|Any CPU
		{FE182E7C-3825-447E-BB2E-4D4004C41EDB}.Release|Any CPU.Build.0 = Release|Any CPU
	EndGlobalSection
	GlobalSection(SolutionProperties) = preSolution
		HideSolutionNode = FALSE
	EndGlobalSection
	GlobalSection(ExtensibilityGlobals) = postSolution
		SolutionGuid = {03B8F0A9-4A00-4597-B543-122FA59466D8}
	EndGlobalSection
EndGlobal
